
Microsoft Visual Studio Solution File, Format Version 12.00
# Visual Studio Version 17
VisualStudioVersion = 17.10.35027.167
MinimumVisualStudioVersion = 10.0.40219.1
Project("{FAE04EC0-301F-11D3-BF4B-00C04F79EFBC}") = "Hosp", "Hosp.csproj", "{8CBF18A8-B7EA-4E8D-9241-8C852E492ADF}"
EndProject
Global
	GlobalSection(SolutionConfigurationPlatforms) = preSolution
		Debug|Any CPU = Debug|Any CPU
		Release|Any CPU = Release|Any CPU
	EndGlobalSection
	GlobalSection(ProjectConfigurationPlatforms) = postSolution
		{8CBF18A8-B7EA-4E8D-9241-8C852E492ADF}.Debug|Any CPU.ActiveCfg = Debug|Any CPU
		{8CBF18A8-B7EA-4E8D-9241-8C852E492ADF}.Debug|Any CPU.Build.0 = Debug|Any CPU
		{8CBF18A8-B7EA-4E8D-9241-8C852E492ADF}.Release|Any CPU.ActiveCfg = Release|Any CPU
		{8CBF18A8-B7EA-4E8D-9241-8C852E492ADF}.Release|Any CPU.Build.0 = Release|Any CPU
	EndGlobalSection
	GlobalSection(SolutionProperties) = preSolution
		HideSolutionNode = FALSE
	EndGlobalSection
	GlobalSection(ExtensibilityGlobals) = postSolution
		SolutionGuid = {F9ECBFAA-AD5F-4727-AD8F-8DBE86E35BA3}
	EndGlobalSection
EndGlobal
